
Microsoft Visual Studio Solution File, Format Version 12.00
# Visual Studio Version 16
VisualStudioVersion = 16.0.28729.10
MinimumVisualStudioVersion = 10.0.40219.1
Project("{FAE04EC0-301F-11D3-BF4B-00C04F79EFBC}") = "SteckbriefTool", "SteckbriefTool\SteckbriefTool.csproj", "{ED3510FD-714F-4D49-A2EB-4584B4B0016E}"
EndProject
Global
	GlobalSection(SolutionConfigurationPlatforms) = preSolution
		Debug|Any CPU = Debug|Any CPU
		Release|Any CPU = Release|Any CPU
	EndGlobalSection
	GlobalSection(ProjectConfigurationPlatforms) = postSolution
		{ED3510FD-714F-4D49-A2EB-4584B4B0016E}.Debug|Any CPU.ActiveCfg = Debug|Any CPU
		{ED3510FD-714F-4D49-A2EB-4584B4B0016E}.Debug|Any CPU.Build.0 = Debug|Any CPU
		{ED3510FD-714F-4D49-A2EB-4584B4B0016E}.Release|Any CPU.ActiveCfg = Release|Any CPU
		{ED3510FD-714F-4D49-A2EB-4584B4B0016E}.Release|Any CPU.Build.0 = Release|Any CPU
	EndGlobalSection
	GlobalSection(SolutionProperties) = preSolution
		HideSolutionNode = FALSE
	EndGlobalSection
	GlobalSection(ExtensibilityGlobals) = postSolution
		SolutionGuid = {EB05A6E2-F6B5-4748-A640-308707E75470}
	EndGlobalSection
EndGlobal
